
Microsoft Visual Studio Solution File, Format Version 12.00
Project("{FAE04EC0-301F-11D3-BF4B-00C04F79EFBC}") = "Task2", "Task2\Task2.csproj", "{02364E2F-FB34-44F6-9CCF-F2583146E4E9}"
EndProject
Project("{FAE04EC0-301F-11D3-BF4B-00C04F79EFBC}") = "Task3", "Task3\Task3.csproj", "{583A8238-1752-4ECF-AF20-8F76684FC9D4}"
EndProject
Project("{FAE04EC0-301F-11D3-BF4B-00C04F79EFBC}") = "Task4", "Task4\Task4.csproj", "{63A6CB8D-AEA9-4E4F-9A26-BED3BEF1CC30}"
EndProject
Global
	GlobalSection(SolutionConfigurationPlatforms) = preSolution
		Debug|Any CPU = Debug|Any CPU
		Release|Any CPU = Release|Any CPU
	EndGlobalSection
	GlobalSection(ProjectConfigurationPlatforms) = postSolution
		{02364E2F-FB34-44F6-9CCF-F2583146E4E9}.Debug|Any CPU.ActiveCfg = Debug|Any CPU
		{02364E2F-FB34-44F6-9CCF-F2583146E4E9}.Debug|Any CPU.Build.0 = Debug|Any CPU
		{02364E2F-FB34-44F6-9CCF-F2583146E4E9}.Release|Any CPU.ActiveCfg = Release|Any CPU
		{02364E2F-FB34-44F6-9CCF-F2583146E4E9}.Release|Any CPU.Build.0 = Release|Any CPU
		{583A8238-1752-4ECF-AF20-8F76684FC9D4}.Debug|Any CPU.ActiveCfg = Debug|Any CPU
		{583A8238-1752-4ECF-AF20-8F76684FC9D4}.Debug|Any CPU.Build.0 = Debug|Any CPU
		{583A8238-1752-4ECF-AF20-8F76684FC9D4}.Release|Any CPU.ActiveCfg = Release|Any CPU
		{583A8238-1752-4ECF-AF20-8F76684FC9D4}.Release|Any CPU.Build.0 = Release|Any CPU
		{63A6CB8D-AEA9-4E4F-9A26-BED3BEF1CC30}.Debug|Any CPU.ActiveCfg = Debug|Any CPU
		{63A6CB8D-AEA9-4E4F-9A26-BED3BEF1CC30}.Debug|Any CPU.Build.0 = Debug|Any CPU
		{63A6CB8D-AEA9-4E4F-9A26-BED3BEF1CC30}.Release|Any CPU.ActiveCfg = Release|Any CPU
		{63A6CB8D-AEA9-4E4F-9A26-BED3BEF1CC30}.Release|Any CPU.Build.0 = Release|Any CPU
	EndGlobalSection
EndGlobal
